// !$*UTF8*$!
{
	archiveVersion = 1;
	classes = {
	};
	objectVersion = 46;
	objects = {

/* Begin PBXBuildFile section */
		5C1CC7B21AF08DB700D795FD /* Level1-01.plist in Resources */ = {isa = PBXBuildFile; fileRef = 5C1CC7B11AF08DB700D795FD /* Level1-01.plist */; };
		5C4052CF1AD73B260088EE70 /* AppDelegate.swift in Sources */ = {isa = PBXBuildFile; fileRef = 5C4052CE1AD73B260088EE70 /* AppDelegate.swift */; };
		5C4052D31AD73B260088EE70 /* MenuScene.swift in Sources */ = {isa = PBXBuildFile; fileRef = 5C4052D21AD73B260088EE70 /* MenuScene.swift */; };
		5C4052D51AD73B260088EE70 /* GameViewController.swift in Sources */ = {isa = PBXBuildFile; fileRef = 5C4052D41AD73B260088EE70 /* GameViewController.swift */; };
		5C4052D81AD73B260088EE70 /* Main.storyboard in Resources */ = {isa = PBXBuildFile; fileRef = 5C4052D61AD73B260088EE70 /* Main.storyboard */; };
		5C4052DD1AD73B260088EE70 /* LaunchScreen.xib in Resources */ = {isa = PBXBuildFile; fileRef = 5C4052DB1AD73B260088EE70 /* LaunchScreen.xib */; };
		5C4052E91AD73B260088EE70 /* Plane_RunnerTests.swift in Sources */ = {isa = PBXBuildFile; fileRef = 5C4052E81AD73B260088EE70 /* Plane_RunnerTests.swift */; };
		5C4052F31AD7A12D0088EE70 /* backgroundTrack.mp3 in Resources */ = {isa = PBXBuildFile; fileRef = 5C4052F21AD7A12C0088EE70 /* backgroundTrack.mp3 */; };
		5C4052F61AD7A7710088EE70 /* planeCrash.mp3 in Resources */ = {isa = PBXBuildFile; fileRef = 5C4052F51AD7A7710088EE70 /* planeCrash.mp3 */; };
		5C4052F81AD841280088EE70 /* AVFoundation.framework in Frameworks */ = {isa = PBXBuildFile; fileRef = 5C4052F71AD841280088EE70 /* AVFoundation.framework */; };
		5C4C4F581AED334200624154 /* InfoScene.swift in Sources */ = {isa = PBXBuildFile; fileRef = 5C4C4F571AED334200624154 /* InfoScene.swift */; };
		5C4C4F5C1AEDA03300624154 /* Constancts.swift in Sources */ = {isa = PBXBuildFile; fileRef = 5C4C4F5B1AEDA03300624154 /* Constancts.swift */; };
		5C50FA931AE5ABFE0068FD66 /* Plane.swift in Sources */ = {isa = PBXBuildFile; fileRef = 5C50FA921AE5ABFE0068FD66 /* Plane.swift */; };
		5C50FA9A1AE5FF7E0068FD66 /* PlaneColor.swift in Sources */ = {isa = PBXBuildFile; fileRef = 5C50FA991AE5FF7E0068FD66 /* PlaneColor.swift */; };
		5C5516B41AF15AB500E35564 /* LevelScene.swift in Sources */ = {isa = PBXBuildFile; fileRef = 5C5516B31AF15AB500E35564 /* LevelScene.swift */; };
		5C56DE111B114071001DA0D5 /* Player.swift in Sources */ = {isa = PBXBuildFile; fileRef = 5C56DE101B114071001DA0D5 /* Player.swift */; };
		5C56DE131B114903001DA0D5 /* GameKit.framework in Frameworks */ = {isa = PBXBuildFile; fileRef = 5C56DE121B114903001DA0D5 /* GameKit.framework */; };
		5C56DE161B1921D6001DA0D5 /* Level1-03.plist in Resources */ = {isa = PBXBuildFile; fileRef = 5C56DE151B1921D4001DA0D5 /* Level1-03.plist */; };
		5CA474E11AE7571A00E71BE7 /* background.atlas in Resources */ = {isa = PBXBuildFile; fileRef = 5CA474E01AE7571A00E71BE7 /* background.atlas */; };
		5CA474E51AE7573200E71BE7 /* numbers.atlas in Resources */ = {isa = PBXBuildFile; fileRef = 5CA474E41AE7573200E71BE7 /* numbers.atlas */; };
		5CA474E71AE7573700E71BE7 /* obstacles.atlas in Resources */ = {isa = PBXBuildFile; fileRef = 5CA474E61AE7573700E71BE7 /* obstacles.atlas */; };
		5CA474E91AE7573D00E71BE7 /* planes.atlas in Resources */ = {isa = PBXBuildFile; fileRef = 5CA474E81AE7573D00E71BE7 /* planes.atlas */; };
		5CA474EB1AE7574400E71BE7 /* ui.atlas in Resources */ = {isa = PBXBuildFile; fileRef = 5CA474EA1AE7574400E71BE7 /* ui.atlas */; };
		5CA474EF1AE75BE200E71BE7 /* letters.atlas in Resources */ = {isa = PBXBuildFile; fileRef = 5CA474EE1AE75BE200E71BE7 /* letters.atlas */; };
		5CADD69B1AE80C9100707677 /* GameOverScene.swift in Sources */ = {isa = PBXBuildFile; fileRef = 5CADD69A1AE80C9100707677 /* GameOverScene.swift */; };
		5CADD69F1AE8BA1600707677 /* HUD.swift in Sources */ = {isa = PBXBuildFile; fileRef = 5CADD69E1AE8BA1600707677 /* HUD.swift */; };
		5CADD6A51AE9DFFE00707677 /* LevelHelper.swift in Sources */ = {isa = PBXBuildFile; fileRef = 5CADD6A41AE9DFFE00707677 /* LevelHelper.swift */; };
		5CADD6A71AEA0E9B00707677 /* distanceTick.wav in Resources */ = {isa = PBXBuildFile; fileRef = 5CADD6A61AEA0E9B00707677 /* distanceTick.wav */; };
		5CCA78401AF343DC00E52FBD /* Images.xcassets in Resources */ = {isa = PBXBuildFile; fileRef = 5CCA783F1AF343DC00E52FBD /* Images.xcassets */; };
		5CCA78431AF36ED500E52FBD /* click.wav in Resources */ = {isa = PBXBuildFile; fileRef = 5CCA78411AF36ED500E52FBD /* click.wav */; };
		5CCA78471AF373F400E52FBD /* star.mp3 in Resources */ = {isa = PBXBuildFile; fileRef = 5CCA78461AF373F400E52FBD /* star.mp3 */; };
		5CCD8DC11ADB8DFC0001362D /* Helicopter.mp3 in Resources */ = {isa = PBXBuildFile; fileRef = 5CCD8DC01ADB8DFC0001362D /* Helicopter.mp3 */; };
		5CED82541B012D5F00DA0CE4 /* SmokeParticle.sks in Resources */ = {isa = PBXBuildFile; fileRef = 5CED82521B012D5F00DA0CE4 /* SmokeParticle.sks */; };
		5CED825A1B013AE200DA0CE4 /* BronzeParticle.sks in Resources */ = {isa = PBXBuildFile; fileRef = 5CED82581B013AE200DA0CE4 /* BronzeParticle.sks */; };
		5CED825B1B013AE200DA0CE4 /* spark.png in Resources */ = {isa = PBXBuildFile; fileRef = 5CED82591B013AE200DA0CE4 /* spark.png */; };
		5CED825D1B013CF800DA0CE4 /* SilverParticle.sks in Resources */ = {isa = PBXBuildFile; fileRef = 5CED825C1B013CF800DA0CE4 /* SilverParticle.sks */; };
		5CED825F1B013D7600DA0CE4 /* GoldParticle.sks in Resources */ = {isa = PBXBuildFile; fileRef = 5CED825E1B013D7600DA0CE4 /* GoldParticle.sks */; };
		5CED82EE1B03D43300DA0CE4 /* buttons.atlas in Resources */ = {isa = PBXBuildFile; fileRef = 5CED82ED1B03D43300DA0CE4 /* buttons.atlas */; };
		5CED82F01B05100600DA0CE4 /* LevelManager.swift in Sources */ = {isa = PBXBuildFile; fileRef = 5CED82EF1B05100500DA0CE4 /* LevelManager.swift */; };
		5CED82F41B05653E00DA0CE4 /* LevelMenuScene.swift in Sources */ = {isa = PBXBuildFile; fileRef = 5CED82F31B05653E00DA0CE4 /* LevelMenuScene.swift */; };
		5CED82F61B058A1B00DA0CE4 /* Level1-02.plist in Resources */ = {isa = PBXBuildFile; fileRef = 5CED82F51B058A1B00DA0CE4 /* Level1-02.plist */; };
		AA7BCA4F206F39C7009C3E75 /* Fabric.framework in Frameworks */ = {isa = PBXBuildFile; fileRef = AA7BCA4E206F39C7009C3E75 /* Fabric.framework */; };
		AA7BCA51206F39D7009C3E75 /* Crashlytics.framework in Frameworks */ = {isa = PBXBuildFile; fileRef = AA7BCA50206F39D7009C3E75 /* Crashlytics.framework */; };
/* End PBXBuildFile section */

/* Begin PBXContainerItemProxy section */
		5C4052E31AD73B260088EE70 /* PBXContainerItemProxy */ = {
			isa = PBXContainerItemProxy;
			containerPortal = 5C4052C11AD73B260088EE70 /* Project object */;
			proxyType = 1;
			remoteGlobalIDString = 5C4052C81AD73B260088EE70;
			remoteInfo = "Plane Runner";
		};
/* End PBXContainerItemProxy section */

/* Begin PBXFileReference section */
		5C1CC7B11AF08DB700D795FD /* Level1-01.plist */ = {isa = PBXFileReference; fileEncoding = 4; lastKnownFileType = text.plist.xml; path = "Level1-01.plist"; sourceTree = "<group>"; };
		5C4052C91AD73B260088EE70 /* Plane Runner.app */ = {isa = PBXFileReference; explicitFileType = wrapper.application; includeInIndex = 0; path = "Plane Runner.app"; sourceTree = BUILT_PRODUCTS_DIR; };
		5C4052CD1AD73B260088EE70 /* Info.plist */ = {isa = PBXFileReference; lastKnownFileType = text.plist.xml; path = Info.plist; sourceTree = "<group>"; };
		5C4052CE1AD73B260088EE70 /* AppDelegate.swift */ = {isa = PBXFileReference; lastKnownFileType = sourcecode.swift; path = AppDelegate.swift; sourceTree = "<group>"; };
		5C4052D21AD73B260088EE70 /* MenuScene.swift */ = {isa = PBXFileReference; lastKnownFileType = sourcecode.swift; path = MenuScene.swift; sourceTree = "<group>"; };
		5C4052D41AD73B260088EE70 /* GameViewController.swift */ = {isa = PBXFileReference; lastKnownFileType = sourcecode.swift; path = GameViewController.swift; sourceTree = "<group>"; };
		5C4052D71AD73B260088EE70 /* Base */ = {isa = PBXFileReference; lastKnownFileType = file.storyboard; name = Base; path = Base.lproj/Main.storyboard; sourceTree = "<group>"; };
		5C4052DC1AD73B260088EE70 /* Base */ = {isa = PBXFileReference; lastKnownFileType = file.xib; name = Base; path = Base.lproj/LaunchScreen.xib; sourceTree = "<group>"; };
		5C4052E21AD73B260088EE70 /* Plane RunnerTests.xctest */ = {isa = PBXFileReference; explicitFileType = wrapper.cfbundle; includeInIndex = 0; path = "Plane RunnerTests.xctest"; sourceTree = BUILT_PRODUCTS_DIR; };
		5C4052E71AD73B260088EE70 /* Info.plist */ = {isa = PBXFileReference; lastKnownFileType = text.plist.xml; path = Info.plist; sourceTree = "<group>"; };
		5C4052E81AD73B260088EE70 /* Plane_RunnerTests.swift */ = {isa = PBXFileReference; lastKnownFileType = sourcecode.swift; path = Plane_RunnerTests.swift; sourceTree = "<group>"; };
		5C4052F21AD7A12C0088EE70 /* backgroundTrack.mp3 */ = {isa = PBXFileReference; lastKnownFileType = audio.mp3; path = backgroundTrack.mp3; sourceTree = "<group>"; };
		5C4052F51AD7A7710088EE70 /* planeCrash.mp3 */ = {isa = PBXFileReference; lastKnownFileType = audio.mp3; path = planeCrash.mp3; sourceTree = "<group>"; };
		5C4052F71AD841280088EE70 /* AVFoundation.framework */ = {isa = PBXFileReference; lastKnownFileType = wrapper.framework; name = AVFoundation.framework; path = System/Library/Frameworks/AVFoundation.framework; sourceTree = SDKROOT; };
		5C4C4F571AED334200624154 /* InfoScene.swift */ = {isa = PBXFileReference; fileEncoding = 4; lastKnownFileType = sourcecode.swift; path = InfoScene.swift; sourceTree = "<group>"; };
		5C4C4F591AED33C300624154 /* kenvector_future_thin.ttf */ = {isa = PBXFileReference; lastKnownFileType = file; path = kenvector_future_thin.ttf; sourceTree = "<group>"; };
		5C4C4F5B1AEDA03300624154 /* Constancts.swift */ = {isa = PBXFileReference; fileEncoding = 4; lastKnownFileType = sourcecode.swift; path = Constancts.swift; sourceTree = "<group>"; };
		5C50FA921AE5ABFE0068FD66 /* Plane.swift */ = {isa = PBXFileReference; fileEncoding = 4; lastKnownFileType = sourcecode.swift; path = Plane.swift; sourceTree = "<group>"; };
		5C50FA991AE5FF7E0068FD66 /* PlaneColor.swift */ = {isa = PBXFileReference; fileEncoding = 4; lastKnownFileType = sourcecode.swift; path = PlaneColor.swift; sourceTree = "<group>"; };
		5C5516B31AF15AB500E35564 /* LevelScene.swift */ = {isa = PBXFileReference; fileEncoding = 4; lastKnownFileType = sourcecode.swift; path = LevelScene.swift; sourceTree = "<group>"; };
		5C56DE101B114071001DA0D5 /* Player.swift */ = {isa = PBXFileReference; fileEncoding = 4; lastKnownFileType = sourcecode.swift; path = Player.swift; sourceTree = "<group>"; };
		5C56DE121B114903001DA0D5 /* GameKit.framework */ = {isa = PBXFileReference; lastKnownFileType = wrapper.framework; name = GameKit.framework; path = System/Library/Frameworks/GameKit.framework; sourceTree = SDKROOT; };
		5C56DE151B1921D4001DA0D5 /* Level1-03.plist */ = {isa = PBXFileReference; fileEncoding = 4; lastKnownFileType = text.plist.xml; path = "Level1-03.plist"; sourceTree = "<group>"; };
		5CA474E01AE7571A00E71BE7 /* background.atlas */ = {isa = PBXFileReference; lastKnownFileType = folder.skatlas; path = background.atlas; sourceTree = "<group>"; };
		5CA474E41AE7573200E71BE7 /* numbers.atlas */ = {isa = PBXFileReference; lastKnownFileType = folder.skatlas; path = numbers.atlas; sourceTree = "<group>"; };
		5CA474E61AE7573700E71BE7 /* obstacles.atlas */ = {isa = PBXFileReference; lastKnownFileType = folder.skatlas; path = obstacles.atlas; sourceTree = "<group>"; };
		5CA474E81AE7573D00E71BE7 /* planes.atlas */ = {isa = PBXFileReference; lastKnownFileType = folder.skatlas; path = planes.atlas; sourceTree = "<group>"; };
		5CA474EA1AE7574400E71BE7 /* ui.atlas */ = {isa = PBXFileReference; lastKnownFileType = folder.skatlas; path = ui.atlas; sourceTree = "<group>"; };
		5CA474EE1AE75BE200E71BE7 /* letters.atlas */ = {isa = PBXFileReference; lastKnownFileType = folder.skatlas; path = letters.atlas; sourceTree = "<group>"; };
		5CA84F821B2291DF00C87569 /* Fabric.framework */ = {isa = PBXFileReference; lastKnownFileType = wrapper.framework; path = Fabric.framework; sourceTree = "<group>"; };
		5CA84F831B2291DF00C87569 /* Crashlytics.framework */ = {isa = PBXFileReference; lastKnownFileType = wrapper.framework; path = Crashlytics.framework; sourceTree = "<group>"; };
		5CADD69A1AE80C9100707677 /* GameOverScene.swift */ = {isa = PBXFileReference; fileEncoding = 4; lastKnownFileType = sourcecode.swift; path = GameOverScene.swift; sourceTree = "<group>"; };
		5CADD69E1AE8BA1600707677 /* HUD.swift */ = {isa = PBXFileReference; fileEncoding = 4; lastKnownFileType = sourcecode.swift; path = HUD.swift; sourceTree = "<group>"; };
		5CADD6A41AE9DFFE00707677 /* LevelHelper.swift */ = {isa = PBXFileReference; fileEncoding = 4; lastKnownFileType = sourcecode.swift; path = LevelHelper.swift; sourceTree = "<group>"; };
		5CADD6A61AEA0E9B00707677 /* distanceTick.wav */ = {isa = PBXFileReference; lastKnownFileType = audio.wav; path = distanceTick.wav; sourceTree = "<group>"; };
		5CCA783F1AF343DC00E52FBD /* Images.xcassets */ = {isa = PBXFileReference; lastKnownFileType = folder.assetcatalog; path = Images.xcassets; sourceTree = "<group>"; };
		5CCA78411AF36ED500E52FBD /* click.wav */ = {isa = PBXFileReference; lastKnownFileType = audio.wav; path = click.wav; sourceTree = "<group>"; };
		5CCA78461AF373F400E52FBD /* star.mp3 */ = {isa = PBXFileReference; lastKnownFileType = audio.mp3; path = star.mp3; sourceTree = "<group>"; };
		5CCD8DC01ADB8DFC0001362D /* Helicopter.mp3 */ = {isa = PBXFileReference; lastKnownFileType = audio.mp3; path = Helicopter.mp3; sourceTree = "<group>"; };
		5CED82521B012D5F00DA0CE4 /* SmokeParticle.sks */ = {isa = PBXFileReference; lastKnownFileType = file.sks; path = SmokeParticle.sks; sourceTree = "<group>"; };
		5CED82581B013AE200DA0CE4 /* BronzeParticle.sks */ = {isa = PBXFileReference; lastKnownFileType = file.sks; path = BronzeParticle.sks; sourceTree = "<group>"; };
		5CED82591B013AE200DA0CE4 /* spark.png */ = {isa = PBXFileReference; lastKnownFileType = image.png; path = spark.png; sourceTree = "<group>"; };
		5CED825C1B013CF800DA0CE4 /* SilverParticle.sks */ = {isa = PBXFileReference; lastKnownFileType = file.sks; path = SilverParticle.sks; sourceTree = "<group>"; };
		5CED825E1B013D7600DA0CE4 /* GoldParticle.sks */ = {isa = PBXFileReference; lastKnownFileType = file.sks; path = GoldParticle.sks; sourceTree = "<group>"; };
		5CED82ED1B03D43300DA0CE4 /* buttons.atlas */ = {isa = PBXFileReference; lastKnownFileType = folder.skatlas; path = buttons.atlas; sourceTree = "<group>"; };
		5CED82EF1B05100500DA0CE4 /* LevelManager.swift */ = {isa = PBXFileReference; fileEncoding = 4; lastKnownFileType = sourcecode.swift; path = LevelManager.swift; sourceTree = "<group>"; };
		5CED82F31B05653E00DA0CE4 /* LevelMenuScene.swift */ = {isa = PBXFileReference; fileEncoding = 4; lastKnownFileType = sourcecode.swift; path = LevelMenuScene.swift; sourceTree = "<group>"; };
		5CED82F51B058A1B00DA0CE4 /* Level1-02.plist */ = {isa = PBXFileReference; fileEncoding = 4; lastKnownFileType = text.plist.xml; path = "Level1-02.plist"; sourceTree = "<group>"; };
		AA7BCA4E206F39C7009C3E75 /* Fabric.framework */ = {isa = PBXFileReference; lastKnownFileType = wrapper.framework; path = Fabric.framework; sourceTree = "<group>"; };
		AA7BCA50206F39D7009C3E75 /* Crashlytics.framework */ = {isa = PBXFileReference; lastKnownFileType = wrapper.framework; path = Crashlytics.framework; sourceTree = "<group>"; };
/* End PBXFileReference section */

/* Begin PBXFrameworksBuildPhase section */
		5C4052C61AD73B260088EE70 /* Frameworks */ = {
			isa = PBXFrameworksBuildPhase;
			buildActionMask = 2147483647;
			files = (
				AA7BCA51206F39D7009C3E75 /* Crashlytics.framework in Frameworks */,
				AA7BCA4F206F39C7009C3E75 /* Fabric.framework in Frameworks */,
				5C4052F81AD841280088EE70 /* AVFoundation.framework in Frameworks */,
				5C56DE131B114903001DA0D5 /* GameKit.framework in Frameworks */,
			);
			runOnlyForDeploymentPostprocessing = 0;
		};
		5C4052DF1AD73B260088EE70 /* Frameworks */ = {
			isa = PBXFrameworksBuildPhase;
			buildActionMask = 2147483647;
			files = (
			);
			runOnlyForDeploymentPostprocessing = 0;
		};
/* End PBXFrameworksBuildPhase section */

/* Begin PBXGroup section */
		5C4052C01AD73B260088EE70 = {
			isa = PBXGroup;
			children = (
				5C56DE121B114903001DA0D5 /* GameKit.framework */,
				5C4052F71AD841280088EE70 /* AVFoundation.framework */,
				5C4052CB1AD73B260088EE70 /* Plane Runner */,
				5C4052E51AD73B260088EE70 /* Plane RunnerTests */,
				5C4052CA1AD73B260088EE70 /* Products */,
				AA7BCA4D206F39C6009C3E75 /* Frameworks */,
			);
			sourceTree = "<group>";
		};
		5C4052CA1AD73B260088EE70 /* Products */ = {
			isa = PBXGroup;
			children = (
				5C4052C91AD73B260088EE70 /* Plane Runner.app */,
				5C4052E21AD73B260088EE70 /* Plane RunnerTests.xctest */,
			);
			name = Products;
			sourceTree = "<group>";
		};
		5C4052CB1AD73B260088EE70 /* Plane Runner */ = {
			isa = PBXGroup;
			children = (
				5CA474DF1AE7561700E71BE7 /* assets */,
				5C50FA941AE5B4250068FD66 /* Data */,
				5CADD6991AE8016300707677 /* Levels */,
				5CED82601B014FAA00DA0CE4 /* Particles */,
				5C56DE141B127450001DA0D5 /* Menus */,
				5C4052CE1AD73B260088EE70 /* AppDelegate.swift */,
				5C4052D41AD73B260088EE70 /* GameViewController.swift */,
				5C4052D61AD73B260088EE70 /* Main.storyboard */,
				5C4052DB1AD73B260088EE70 /* LaunchScreen.xib */,
				5CCA783F1AF343DC00E52FBD /* Images.xcassets */,
				5C4052CC1AD73B260088EE70 /* Supporting Files */,
				5CADD69A1AE80C9100707677 /* GameOverScene.swift */,
			);
			path = "Plane Runner";
			sourceTree = "<group>";
		};
		5C4052CC1AD73B260088EE70 /* Supporting Files */ = {
			isa = PBXGroup;
			children = (
				5CA84F821B2291DF00C87569 /* Fabric.framework */,
				5CA84F831B2291DF00C87569 /* Crashlytics.framework */,
				5C4052CD1AD73B260088EE70 /* Info.plist */,
			);
			name = "Supporting Files";
			sourceTree = "<group>";
		};
		5C4052E51AD73B260088EE70 /* Plane RunnerTests */ = {
			isa = PBXGroup;
			children = (
				5C4052E81AD73B260088EE70 /* Plane_RunnerTests.swift */,
				5C4052E61AD73B260088EE70 /* Supporting Files */,
			);
			path = "Plane RunnerTests";
			sourceTree = "<group>";
		};
		5C4052E61AD73B260088EE70 /* Supporting Files */ = {
			isa = PBXGroup;
			children = (
				5C4052E71AD73B260088EE70 /* Info.plist */,
			);
			name = "Supporting Files";
			sourceTree = "<group>";
		};
		5C4052F41AD7A1360088EE70 /* sounds */ = {
			isa = PBXGroup;
			children = (
				5CCA78411AF36ED500E52FBD /* click.wav */,
				5CCA78461AF373F400E52FBD /* star.mp3 */,
				5CADD6A61AEA0E9B00707677 /* distanceTick.wav */,
				5CCD8DC01ADB8DFC0001362D /* Helicopter.mp3 */,
				5C4052F51AD7A7710088EE70 /* planeCrash.mp3 */,
				5C4052F21AD7A12C0088EE70 /* backgroundTrack.mp3 */,
			);
			name = sounds;
			sourceTree = "<group>";
		};
		5C50FA941AE5B4250068FD66 /* Data */ = {
			isa = PBXGroup;
			children = (
				5C50FA921AE5ABFE0068FD66 /* Plane.swift */,
				5C50FA991AE5FF7E0068FD66 /* PlaneColor.swift */,
				5CADD69E1AE8BA1600707677 /* HUD.swift */,
				5CADD6A41AE9DFFE00707677 /* LevelHelper.swift */,
				5C4C4F5B1AEDA03300624154 /* Constancts.swift */,
				5CED82EF1B05100500DA0CE4 /* LevelManager.swift */,
				5C56DE101B114071001DA0D5 /* Player.swift */,
			);
			name = Data;
			sourceTree = "<group>";
		};
		5C56DE141B127450001DA0D5 /* Menus */ = {
			isa = PBXGroup;
			children = (
				5C4052D21AD73B260088EE70 /* MenuScene.swift */,
				5C4C4F571AED334200624154 /* InfoScene.swift */,
				5CED82F31B05653E00DA0CE4 /* LevelMenuScene.swift */,
			);
			name = Menus;
			sourceTree = "<group>";
		};
		5CA474DF1AE7561700E71BE7 /* assets */ = {
			isa = PBXGroup;
			children = (
				5C4C4F591AED33C300624154 /* kenvector_future_thin.ttf */,
				5C4052F41AD7A1360088EE70 /* sounds */,
				5CA474E01AE7571A00E71BE7 /* background.atlas */,
				5CED82ED1B03D43300DA0CE4 /* buttons.atlas */,
				5CA474EE1AE75BE200E71BE7 /* letters.atlas */,
				5CA474E41AE7573200E71BE7 /* numbers.atlas */,
				5CA474E61AE7573700E71BE7 /* obstacles.atlas */,
				5CA474E81AE7573D00E71BE7 /* planes.atlas */,
				5CA474EA1AE7574400E71BE7 /* ui.atlas */,
			);
			name = assets;
			sourceTree = "<group>";
		};
		5CADD6991AE8016300707677 /* Levels */ = {
			isa = PBXGroup;
			children = (
				5C5516B31AF15AB500E35564 /* LevelScene.swift */,
				5C1CC7B11AF08DB700D795FD /* Level1-01.plist */,
				5CED82F51B058A1B00DA0CE4 /* Level1-02.plist */,
				5C56DE151B1921D4001DA0D5 /* Level1-03.plist */,
			);
			name = Levels;
			sourceTree = "<group>";
		};
		5CED82601B014FAA00DA0CE4 /* Particles */ = {
			isa = PBXGroup;
			children = (
				5CED82591B013AE200DA0CE4 /* spark.png */,
				5CED82581B013AE200DA0CE4 /* BronzeParticle.sks */,
				5CED825C1B013CF800DA0CE4 /* SilverParticle.sks */,
				5CED825E1B013D7600DA0CE4 /* GoldParticle.sks */,
				5CED82521B012D5F00DA0CE4 /* SmokeParticle.sks */,
			);
			name = Particles;
			sourceTree = "<group>";
		};
		AA7BCA4D206F39C6009C3E75 /* Frameworks */ = {
			isa = PBXGroup;
			children = (
				AA7BCA50206F39D7009C3E75 /* Crashlytics.framework */,
				AA7BCA4E206F39C7009C3E75 /* Fabric.framework */,
			);
			name = Frameworks;
			sourceTree = "<group>";
		};
/* End PBXGroup section */

/* Begin PBXNativeTarget section */
		5C4052C81AD73B260088EE70 /* Plane Runner */ = {
			isa = PBXNativeTarget;
			buildConfigurationList = 5C4052EC1AD73B260088EE70 /* Build configuration list for PBXNativeTarget "Plane Runner" */;
			buildPhases = (
				5C4052C51AD73B260088EE70 /* Sources */,
				5C4052C61AD73B260088EE70 /* Frameworks */,
				5C4052C71AD73B260088EE70 /* Resources */,
				5CA84F811B2291B800C87569 /* Run Script */,
			);
			buildRules = (
			);
			dependencies = (
			);
			name = "Plane Runner";
			productName = "Plane Runner";
			productReference = 5C4052C91AD73B260088EE70 /* Plane Runner.app */;
			productType = "com.apple.product-type.application";
		};
		5C4052E11AD73B260088EE70 /* Plane RunnerTests */ = {
			isa = PBXNativeTarget;
			buildConfigurationList = 5C4052EF1AD73B260088EE70 /* Build configuration list for PBXNativeTarget "Plane RunnerTests" */;
			buildPhases = (
				5C4052DE1AD73B260088EE70 /* Sources */,
				5C4052DF1AD73B260088EE70 /* Frameworks */,
				5C4052E01AD73B260088EE70 /* Resources */,
			);
			buildRules = (
			);
			dependencies = (
				5C4052E41AD73B260088EE70 /* PBXTargetDependency */,
			);
			name = "Plane RunnerTests";
			productName = "Plane RunnerTests";
			productReference = 5C4052E21AD73B260088EE70 /* Plane RunnerTests.xctest */;
			productType = "com.apple.product-type.bundle.unit-test";
		};
/* End PBXNativeTarget section */

/* Begin PBXProject section */
		5C4052C11AD73B260088EE70 /* Project object */ = {
			isa = PBXProject;
			attributes = {
				LastSwiftMigration = 0720;
				LastSwiftUpdateCheck = 0720;
				LastUpgradeCheck = 0930;
				ORGANIZATIONNAME = "Garcia Enterprise";
				TargetAttributes = {
					5C4052C81AD73B260088EE70 = {
						CreatedOnToolsVersion = 6.2;
						DevelopmentTeam = 62K9L5MXWH;
						LastSwiftMigration = 0830;
						SystemCapabilities = {
							com.apple.GameCenter = {
								enabled = 1;
							};
						};
					};
					5C4052E11AD73B260088EE70 = {
						CreatedOnToolsVersion = 6.2;
						LastSwiftMigration = 0830;
						TestTargetID = 5C4052C81AD73B260088EE70;
					};
				};
			};
			buildConfigurationList = 5C4052C41AD73B260088EE70 /* Build configuration list for PBXProject "Plane Runner" */;
			compatibilityVersion = "Xcode 3.2";
			developmentRegion = English;
			hasScannedForEncodings = 0;
			knownRegions = (
				en,
				Base,
			);
			mainGroup = 5C4052C01AD73B260088EE70;
			productRefGroup = 5C4052CA1AD73B260088EE70 /* Products */;
			projectDirPath = "";
			projectRoot = "";
			targets = (
				5C4052C81AD73B260088EE70 /* Plane Runner */,
				5C4052E11AD73B260088EE70 /* Plane RunnerTests */,
			);
		};
/* End PBXProject section */

/* Begin PBXResourcesBuildPhase section */
		5C4052C71AD73B260088EE70 /* Resources */ = {
			isa = PBXResourcesBuildPhase;
			buildActionMask = 2147483647;
			files = (
				5CCA78471AF373F400E52FBD /* star.mp3 in Resources */,
				5C4052DD1AD73B260088EE70 /* LaunchScreen.xib in Resources */,
				5C56DE161B1921D6001DA0D5 /* Level1-03.plist in Resources */,
				5C4052F31AD7A12D0088EE70 /* backgroundTrack.mp3 in Resources */,
				5CED825A1B013AE200DA0CE4 /* BronzeParticle.sks in Resources */,
				5CA474E71AE7573700E71BE7 /* obstacles.atlas in Resources */,
				5CED825F1B013D7600DA0CE4 /* GoldParticle.sks in Resources */,
				5CCA78401AF343DC00E52FBD /* Images.xcassets in Resources */,
				5CED825B1B013AE200DA0CE4 /* spark.png in Resources */,
				5CA474E11AE7571A00E71BE7 /* background.atlas in Resources */,
				5CED82EE1B03D43300DA0CE4 /* buttons.atlas in Resources */,
				5CED82541B012D5F00DA0CE4 /* SmokeParticle.sks in Resources */,
				5CCD8DC11ADB8DFC0001362D /* Helicopter.mp3 in Resources */,
				5CED825D1B013CF800DA0CE4 /* SilverParticle.sks in Resources */,
				5CA474E51AE7573200E71BE7 /* numbers.atlas in Resources */,
				5CA474EF1AE75BE200E71BE7 /* letters.atlas in Resources */,
				5C4052D81AD73B260088EE70 /* Main.storyboard in Resources */,
				5CADD6A71AEA0E9B00707677 /* distanceTick.wav in Resources */,
				5CA474EB1AE7574400E71BE7 /* ui.atlas in Resources */,
				5CA474E91AE7573D00E71BE7 /* planes.atlas in Resources */,
				5CCA78431AF36ED500E52FBD /* click.wav in Resources */,
				5C4052F61AD7A7710088EE70 /* planeCrash.mp3 in Resources */,
				5CED82F61B058A1B00DA0CE4 /* Level1-02.plist in Resources */,
				5C1CC7B21AF08DB700D795FD /* Level1-01.plist in Resources */,
			);
			runOnlyForDeploymentPostprocessing = 0;
		};
		5C4052E01AD73B260088EE70 /* Resources */ = {
			isa = PBXResourcesBuildPhase;
			buildActionMask = 2147483647;
			files = (
			);
			runOnlyForDeploymentPostprocessing = 0;
		};
/* End PBXResourcesBuildPhase section */

/* Begin PBXShellScriptBuildPhase section */
		5CA84F811B2291B800C87569 /* Run Script */ = {
			isa = PBXShellScriptBuildPhase;
			buildActionMask = 2147483647;
			files = (
			);
			inputPaths = (
			);
			name = "Run Script";
			outputPaths = (
			);
			runOnlyForDeploymentPostprocessing = 0;
			shellPath = /bin/sh;
			shellScript = "./Fabric.framework/run 6f3969ef03924d20897e5b46bfe3140262d49a3e f19110da933e516b39eedbaaf52e1fb10dddf2820cfbbb6e64cf2cbb8bf00e45";
		};
/* End PBXShellScriptBuildPhase section */

/* Begin PBXSourcesBuildPhase section */
		5C4052C51AD73B260088EE70 /* Sources */ = {
			isa = PBXSourcesBuildPhase;
			buildActionMask = 2147483647;
			files = (
				5C50FA9A1AE5FF7E0068FD66 /* PlaneColor.swift in Sources */,
				5CADD69F1AE8BA1600707677 /* HUD.swift in Sources */,
				5C4C4F581AED334200624154 /* InfoScene.swift in Sources */,
				5C4052D31AD73B260088EE70 /* MenuScene.swift in Sources */,
				5C56DE111B114071001DA0D5 /* Player.swift in Sources */,
				5CED82F01B05100600DA0CE4 /* LevelManager.swift in Sources */,
				5C5516B41AF15AB500E35564 /* LevelScene.swift in Sources */,
				5C4052D51AD73B260088EE70 /* GameViewController.swift in Sources */,
				5C50FA931AE5ABFE0068FD66 /* Plane.swift in Sources */,
				5C4C4F5C1AEDA03300624154 /* Constancts.swift in Sources */,
				5C4052CF1AD73B260088EE70 /* AppDelegate.swift in Sources */,
				5CADD69B1AE80C9100707677 /* GameOverScene.swift in Sources */,
				5CADD6A51AE9DFFE00707677 /* LevelHelper.swift in Sources */,
				5CED82F41B05653E00DA0CE4 /* LevelMenuScene.swift in Sources */,
			);
			runOnlyForDeploymentPostprocessing = 0;
		};
		5C4052DE1AD73B260088EE70 /* Sources */ = {
			isa = PBXSourcesBuildPhase;
			buildActionMask = 2147483647;
			files = (
				5C4052E91AD73B260088EE70 /* Plane_RunnerTests.swift in Sources */,
			);
			runOnlyForDeploymentPostprocessing = 0;
		};
/* End PBXSourcesBuildPhase section */

/* Begin PBXTargetDependency section */
		5C4052E41AD73B260088EE70 /* PBXTargetDependency */ = {
			isa = PBXTargetDependency;
			target = 5C4052C81AD73B260088EE70 /* Plane Runner */;
			targetProxy = 5C4052E31AD73B260088EE70 /* PBXContainerItemProxy */;
		};
/* End PBXTargetDependency section */

/* Begin PBXVariantGroup section */
		5C4052D61AD73B260088EE70 /* Main.storyboard */ = {
			isa = PBXVariantGroup;
			children = (
				5C4052D71AD73B260088EE70 /* Base */,
			);
			name = Main.storyboard;
			sourceTree = "<group>";
		};
		5C4052DB1AD73B260088EE70 /* LaunchScreen.xib */ = {
			isa = PBXVariantGroup;
			children = (
				5C4052DC1AD73B260088EE70 /* Base */,
			);
			name = LaunchScreen.xib;
			sourceTree = "<group>";
		};
/* End PBXVariantGroup section */

/* Begin XCBuildConfiguration section */
		5C4052EA1AD73B260088EE70 /* Debug */ = {
			isa = XCBuildConfiguration;
			buildSettings = {
				ALWAYS_SEARCH_USER_PATHS = NO;
				CLANG_CXX_LANGUAGE_STANDARD = "gnu++0x";
				CLANG_CXX_LIBRARY = "libc++";
				CLANG_ENABLE_MODULES = YES;
				CLANG_ENABLE_OBJC_ARC = YES;
				CLANG_WARN_BLOCK_CAPTURE_AUTORELEASING = YES;
				CLANG_WARN_BOOL_CONVERSION = YES;
				CLANG_WARN_COMMA = YES;
				CLANG_WARN_CONSTANT_CONVERSION = YES;
				CLANG_WARN_DEPRECATED_OBJC_IMPLEMENTATIONS = YES;
				CLANG_WARN_DIRECT_OBJC_ISA_USAGE = YES_ERROR;
				CLANG_WARN_EMPTY_BODY = YES;
				CLANG_WARN_ENUM_CONVERSION = YES;
				CLANG_WARN_INFINITE_RECURSION = YES;
				CLANG_WARN_INT_CONVERSION = YES;
				CLANG_WARN_NON_LITERAL_NULL_CONVERSION = YES;
				CLANG_WARN_OBJC_IMPLICIT_RETAIN_SELF = YES;
				CLANG_WARN_OBJC_LITERAL_CONVERSION = YES;
				CLANG_WARN_OBJC_ROOT_CLASS = YES_ERROR;
				CLANG_WARN_RANGE_LOOP_ANALYSIS = YES;
				CLANG_WARN_STRICT_PROTOTYPES = YES;
				CLANG_WARN_SUSPICIOUS_MOVE = YES;
				CLANG_WARN_UNREACHABLE_CODE = YES;
				CLANG_WARN__DUPLICATE_METHOD_MATCH = YES;
				"CODE_SIGN_IDENTITY[sdk=iphoneos*]" = "iPhone Developer";
				COPY_PHASE_STRIP = NO;
				ENABLE_STRICT_OBJC_MSGSEND = YES;
				ENABLE_TESTABILITY = YES;
				GCC_C_LANGUAGE_STANDARD = gnu99;
				GCC_DYNAMIC_NO_PIC = NO;
				GCC_NO_COMMON_BLOCKS = YES;
				GCC_OPTIMIZATION_LEVEL = 0;
				GCC_PREPROCESSOR_DEFINITIONS = (
					"DEBUG=1",
					"$(inherited)",
				);
				GCC_SYMBOLS_PRIVATE_EXTERN = NO;
				GCC_WARN_64_TO_32_BIT_CONVERSION = YES;
				GCC_WARN_ABOUT_RETURN_TYPE = YES_ERROR;
				GCC_WARN_UNDECLARED_SELECTOR = YES;
				GCC_WARN_UNINITIALIZED_AUTOS = YES_AGGRESSIVE;
				GCC_WARN_UNUSED_FUNCTION = YES;
				GCC_WARN_UNUSED_VARIABLE = YES;
				IPHONEOS_DEPLOYMENT_TARGET = 8.2;
				MTL_ENABLE_DEBUG_INFO = YES;
				ONLY_ACTIVE_ARCH = YES;
				SDKROOT = iphoneos;
				SWIFT_OPTIMIZATION_LEVEL = "-Onone";
				TARGETED_DEVICE_FAMILY = "1,2";
			};
			name = Debug;
		};
		5C4052EB1AD73B260088EE70 /* Release */ = {
			isa = XCBuildConfiguration;
			buildSettings = {
				ALWAYS_SEARCH_USER_PATHS = NO;
				CLANG_CXX_LANGUAGE_STANDARD = "gnu++0x";
				CLANG_CXX_LIBRARY = "libc++";
				CLANG_ENABLE_MODULES = YES;
				CLANG_ENABLE_OBJC_ARC = YES;
				CLANG_WARN_BLOCK_CAPTURE_AUTORELEASING = YES;
				CLANG_WARN_BOOL_CONVERSION = YES;
				CLANG_WARN_COMMA = YES;
				CLANG_WARN_CONSTANT_CONVERSION = YES;
				CLANG_WARN_DEPRECATED_OBJC_IMPLEMENTATIONS = YES;
				CLANG_WARN_DIRECT_OBJC_ISA_USAGE = YES_ERROR;
				CLANG_WARN_EMPTY_BODY = YES;
				CLANG_WARN_ENUM_CONVERSION = YES;
				CLANG_WARN_INFINITE_RECURSION = YES;
				CLANG_WARN_INT_CONVERSION = YES;
				CLANG_WARN_NON_LITERAL_NULL_CONVERSION = YES;
				CLANG_WARN_OBJC_IMPLICIT_RETAIN_SELF = YES;
				CLANG_WARN_OBJC_LITERAL_CONVERSION = YES;
				CLANG_WARN_OBJC_ROOT_CLASS = YES_ERROR;
				CLANG_WARN_RANGE_LOOP_ANALYSIS = YES;
				CLANG_WARN_STRICT_PROTOTYPES = YES;
				CLANG_WARN_SUSPICIOUS_MOVE = YES;
				CLANG_WARN_UNREACHABLE_CODE = YES;
				CLANG_WARN__DUPLICATE_METHOD_MATCH = YES;
				"CODE_SIGN_IDENTITY[sdk=iphoneos*]" = "iPhone Developer";
				COPY_PHASE_STRIP = NO;
				ENABLE_NS_ASSERTIONS = NO;
				ENABLE_STRICT_OBJC_MSGSEND = YES;
				GCC_C_LANGUAGE_STANDARD = gnu99;
				GCC_NO_COMMON_BLOCKS = YES;
				GCC_WARN_64_TO_32_BIT_CONVERSION = YES;
				GCC_WARN_ABOUT_RETURN_TYPE = YES_ERROR;
				GCC_WARN_UNDECLARED_SELECTOR = YES;
				GCC_WARN_UNINITIALIZED_AUTOS = YES_AGGRESSIVE;
				GCC_WARN_UNUSED_FUNCTION = YES;
				GCC_WARN_UNUSED_VARIABLE = YES;
				IPHONEOS_DEPLOYMENT_TARGET = 8.2;
				MTL_ENABLE_DEBUG_INFO = NO;
				SDKROOT = iphoneos;
				SWIFT_OPTIMIZATION_LEVEL = "-Owholemodule";
				TARGETED_DEVICE_FAMILY = "1,2";
				VALIDATE_PRODUCT = YES;
			};
			name = Release;
		};
		5C4052ED1AD73B260088EE70 /* Debug */ = {
			isa = XCBuildConfiguration;
			buildSettings = {
				ASSETCATALOG_COMPILER_APPICON_NAME = AppIcon;
				CODE_SIGN_IDENTITY = "iPhone Developer";
				"CODE_SIGN_IDENTITY[sdk=iphoneos*]" = "iPhone Developer";
				FRAMEWORK_SEARCH_PATHS = (
					"$(inherited)",
					"$(PROJECT_DIR)/Plane",
					Runner,
					"$(PROJECT_DIR)",
				);
				INFOPLIST_FILE = "Plane Runner/Info.plist";
				LD_RUNPATH_SEARCH_PATHS = "$(inherited) @executable_path/Frameworks";
				PRODUCT_BUNDLE_IDENTIFIER = "com.garciaericn.$(PRODUCT_NAME:rfc1034identifier)";
				PRODUCT_NAME = "$(TARGET_NAME)";
				PROVISIONING_PROFILE = "";
				SWIFT_VERSION = 3.0;
				TARGETED_DEVICE_FAMILY = 1;
			};
			name = Debug;
		};
		5C4052EE1AD73B260088EE70 /* Release */ = {
			isa = XCBuildConfiguration;
			buildSettings = {
				ASSETCATALOG_COMPILER_APPICON_NAME = AppIcon;
				CODE_SIGN_IDENTITY = "iPhone Developer";
				"CODE_SIGN_IDENTITY[sdk=iphoneos*]" = "iPhone Developer";
				FRAMEWORK_SEARCH_PATHS = (
					"$(inherited)",
					"$(PROJECT_DIR)/Plane",
					Runner,
					"$(PROJECT_DIR)",
				);
				INFOPLIST_FILE = "Plane Runner/Info.plist";
				LD_RUNPATH_SEARCH_PATHS = "$(inherited) @executable_path/Frameworks";
				PRODUCT_BUNDLE_IDENTIFIER = "com.garciaericn.$(PRODUCT_NAME:rfc1034identifier)";
				PRODUCT_NAME = "$(TARGET_NAME)";
				PROVISIONING_PROFILE = "";
				SWIFT_VERSION = 3.0;
				TARGETED_DEVICE_FAMILY = 1;
			};
			name = Release;
		};
		5C4052F01AD73B260088EE70 /* Debug */ = {
			isa = XCBuildConfiguration;
			buildSettings = {
				BUNDLE_LOADER = "$(TEST_HOST)";
				FRAMEWORK_SEARCH_PATHS = (
					"$(SDKROOT)/Developer/Library/Frameworks",
					"$(inherited)",
				);
				GCC_PREPROCESSOR_DEFINITIONS = (
					"DEBUG=1",
					"$(inherited)",
				);
				INFOPLIST_FILE = "Plane RunnerTests/Info.plist";
				LD_RUNPATH_SEARCH_PATHS = "$(inherited) @executable_path/Frameworks @loader_path/Frameworks";
				PRODUCT_BUNDLE_IDENTIFIER = "com.garciaericn.$(PRODUCT_NAME:rfc1034identifier)";
				PRODUCT_NAME = "$(TARGET_NAME)";
				SWIFT_VERSION = 3.0;
				TEST_HOST = "$(BUILT_PRODUCTS_DIR)/Plane Runner.app/Plane Runner";
			};
			name = Debug;
		};
		5C4052F11AD73B260088EE70 /* Release */ = {
			isa = XCBuildConfiguration;
			buildSettings = {
				BUNDLE_LOADER = "$(TEST_HOST)";
				FRAMEWORK_SEARCH_PATHS = (
					"$(SDKROOT)/Developer/Library/Frameworks",
					"$(inherited)",
				);
				INFOPLIST_FILE = "Plane RunnerTests/Info.plist";
				LD_RUNPATH_SEARCH_PATHS = "$(inherited) @executable_path/Frameworks @loader_path/Frameworks";
				PRODUCT_BUNDLE_IDENTIFIER = "com.garciaericn.$(PRODUCT_NAME:rfc1034identifier)";
				PRODUCT_NAME = "$(TARGET_NAME)";
				SWIFT_VERSION = 3.0;
				TEST_HOST = "$(BUILT_PRODUCTS_DIR)/Plane Runner.app/Plane Runner";
			};
			name = Release;
		};
/* End XCBuildConfiguration section */

/* Begin XCConfigurationList section */
		5C4052C41AD73B260088EE70 /* Build configuration list for PBXProject "Plane Runner" */ = {
			isa = XCConfigurationList;
			buildConfigurations = (
				5C4052EA1AD73B260088EE70 /* Debug */,
				5C4052EB1AD73B260088EE70 /* Release */,
			);
			defaultConfigurationIsVisible = 0;
			defaultConfigurationName = Release;
		};
		5C4052EC1AD73B260088EE70 /* Build configuration list for PBXNativeTarget "Plane Runner" */ = {
			isa = XCConfigurationList;
			buildConfigurations = (
				5C4052ED1AD73B260088EE70 /* Debug */,
				5C4052EE1AD73B260088EE70 /* Release */,
			);
			defaultConfigurationIsVisible = 0;
			defaultConfigurationName = Release;
		};
		5C4052EF1AD73B260088EE70 /* Build configuration list for PBXNativeTarget "Plane RunnerTests" */ = {
			isa = XCConfigurationList;
			buildConfigurations = (
				5C4052F01AD73B260088EE70 /* Debug */,
				5C4052F11AD73B260088EE70 /* Release */,
			);
			defaultConfigurationIsVisible = 0;
			defaultConfigurationName = Release;
		};
/* End XCConfigurationList section */
	};
	rootObject = 5C4052C11AD73B260088EE70 /* Project object */;
}
